
Microsoft Visual Studio Solution File, Format Version 12.00
# Visual Studio Version 17
VisualStudioVersion = 17.5.002.0
MinimumVisualStudioVersion = 10.0.40219.1
Project("{2150E333-8FDC-42A3-9474-1A3956D46DE8}") = "Start", "Start", "{2021B658-BA43-466D-B793-FF88F3058BC3}"
EndProject
Project("{2150E333-8FDC-42A3-9474-1A3956D46DE8}") = "Files", "Files", "{5CCAA575-830C-4C4A-A038-2E49B2A566C7}"
EndProject
Project("{9A19103F-16F7-4668-BE54-9A1E7A4F7556}") = "CreateFiles", "Start\Files\CreateFiles\CreateFiles.csproj", "{503C1CF9-2C3B-491F-9717-F98CD1A14F89}"
EndProject
Project("{9A19103F-16F7-4668-BE54-9A1E7A4F7556}") = "Directories", "Start\Files\Directories\Directories.csproj", "{E7D2991F-13B9-454B-99ED-D09936F5F0B1}"
EndProject
Project("{9A19103F-16F7-4668-BE54-9A1E7A4F7556}") = "FileInfo", "Start\Files\FileInfo\FileInfo.csproj", "{023CC7CD-F28D-4898-8A4D-A9A3D987D0AA}"
EndProject
Project("{9A19103F-16F7-4668-BE54-9A1E7A4F7556}") = "ReadWriteFiles", "Start\Files\ReadWriteFiles\ReadWriteFiles.csproj", "{91DADFC0-FE34-4DC9-BF4C-567797D0CDF4}"
EndProject
Project("{2150E333-8FDC-42A3-9474-1A3956D46DE8}") = "NumbersDates", "NumbersDates", "{D6515B23-11E0-46B1-A54E-0CB39EA1E7AD}"
EndProject
Project("{9A19103F-16F7-4668-BE54-9A1E7A4F7556}") = "DateTimeClass", "Start\NumbersDates\DateTimeClass\DateTimeClass.csproj", "{A75AEAC8-D2D2-4F9E-9D5C-835E7D7EA98A}"
EndProject
Project("{9A19103F-16F7-4668-BE54-9A1E7A4F7556}") = "FormatDates", "Start\NumbersDates\FormatDates\FormatDates.csproj", "{4522E1BA-3F9E-4763-8A03-C48A4A239B52}"
EndProject
Project("{9A19103F-16F7-4668-BE54-9A1E7A4F7556}") = "FormatNumbers", "Start\NumbersDates\FormatNumbers\FormatNumbers.csproj", "{D0B9E5AB-76B4-41A7-808B-19287F8AC298}"
EndProject
Project("{9A19103F-16F7-4668-BE54-9A1E7A4F7556}") = "ParseDates", "Start\NumbersDates\ParseDates\ParseDates.csproj", "{22E979C5-5972-4BD0-87E8-6B4493F3ECC9}"
EndProject
Project("{9A19103F-16F7-4668-BE54-9A1E7A4F7556}") = "ParseNumbers", "Start\NumbersDates\ParseNumbers\ParseNumbers.csproj", "{56102517-8277-4F32-B8D0-06835E6C97B8}"
EndProject
Project("{2150E333-8FDC-42A3-9474-1A3956D46DE8}") = "Overview", "Overview", "{2552BBE8-D999-4A64-BF01-527306AA1125}"
EndProject
Project("{9A19103F-16F7-4668-BE54-9A1E7A4F7556}") = "DataTypes", "Start\Overview\DataTypes\DataTypes.csproj", "{41123CE3-2ABD-4D96-A13F-BD48B1A10B4E}"
EndProject
Project("{9A19103F-16F7-4668-BE54-9A1E7A4F7556}") = "GarbageCollect", "Start\Overview\GarbageCollect\GarbageCollect.csproj", "{9E4B9693-67CF-40C7-A70B-1C0660471388}"
EndProject
Project("{9A19103F-16F7-4668-BE54-9A1E7A4F7556}") = "MyConsoleApp", "Start\Overview\MyConsoleApp\MyConsoleApp.csproj", "{C7E614A0-14C1-40BC-BD19-04DCFBCAC43E}"
EndProject
Project("{2150E333-8FDC-42A3-9474-1A3956D46DE8}") = "Regex", "Regex", "{FDD2FD36-41EF-4650-8CC6-17D48E67E020}"
EndProject
Project("{9A19103F-16F7-4668-BE54-9A1E7A4F7556}") = "Finding", "Start\Regex\Finding\Finding.csproj", "{4115FDDE-6C6A-4842-B555-18123531FB99}"
EndProject
Project("{9A19103F-16F7-4668-BE54-9A1E7A4F7556}") = "Replacing", "Start\Regex\Replacing\Replacing.csproj", "{D9FF74F3-A7B1-4672-956A-FB1E7A05CB17}"
EndProject
Project("{9A19103F-16F7-4668-BE54-9A1E7A4F7556}") = "RegexTimeouts", "Start\Regex\Timeouts\RegexTimeouts.csproj", "{3C28FCDC-9270-4946-87E1-D51E46B08CC4}"
EndProject
Project("{2150E333-8FDC-42A3-9474-1A3956D46DE8}") = "Strings", "Strings", "{5A4002AA-3494-4D95-8327-7ABE142C6883}"
EndProject
Project("{9A19103F-16F7-4668-BE54-9A1E7A4F7556}") = "Formatting", "Start\Strings\Formatting\Formatting.csproj", "{313A9C93-A4E4-490B-829F-75E0D98E4CF8}"
EndProject
Project("{9A19103F-16F7-4668-BE54-9A1E7A4F7556}") = "Interpolation", "Start\Strings\Interpolation\Interpolation.csproj", "{FB7A68DA-0F64-41B9-A955-2662A073E51A}"
EndProject
Project("{9A19103F-16F7-4668-BE54-9A1E7A4F7556}") = "Manipulation", "Start\Strings\Manipulation\Manipulation.csproj", "{3E1C166F-38BF-4C43-B0F2-B0126BEDEA37}"
EndProject
Project("{9A19103F-16F7-4668-BE54-9A1E7A4F7556}") = "Searching", "Start\Strings\Searching\Searching.csproj", "{3EB63488-F6C3-4B38-B8DB-B311AC355C31}"
EndProject
Global
	GlobalSection(SolutionConfigurationPlatforms) = preSolution
		Debug|Any CPU = Debug|Any CPU
		Release|Any CPU = Release|Any CPU
	EndGlobalSection
	GlobalSection(ProjectConfigurationPlatforms) = postSolution
		{503C1CF9-2C3B-491F-9717-F98CD1A14F89}.Debug|Any CPU.ActiveCfg = Debug|Any CPU
		{503C1CF9-2C3B-491F-9717-F98CD1A14F89}.Debug|Any CPU.Build.0 = Debug|Any CPU
		{503C1CF9-2C3B-491F-9717-F98CD1A14F89}.Release|Any CPU.ActiveCfg = Release|Any CPU
		{503C1CF9-2C3B-491F-9717-F98CD1A14F89}.Release|Any CPU.Build.0 = Release|Any CPU
		{E7D2991F-13B9-454B-99ED-D09936F5F0B1}.Debug|Any CPU.ActiveCfg = Debug|Any CPU
		{E7D2991F-13B9-454B-99ED-D09936F5F0B1}.Debug|Any CPU.Build.0 = Debug|Any CPU
		{E7D2991F-13B9-454B-99ED-D09936F5F0B1}.Release|Any CPU.ActiveCfg = Release|Any CPU
		{E7D2991F-13B9-454B-99ED-D09936F5F0B1}.Release|Any CPU.Build.0 = Release|Any CPU
		{023CC7CD-F28D-4898-8A4D-A9A3D987D0AA}.Debug|Any CPU.ActiveCfg = Debug|Any CPU
		{023CC7CD-F28D-4898-8A4D-A9A3D987D0AA}.Debug|Any CPU.Build.0 = Debug|Any CPU
		{023CC7CD-F28D-4898-8A4D-A9A3D987D0AA}.Release|Any CPU.ActiveCfg = Release|Any CPU
		{023CC7CD-F28D-4898-8A4D-A9A3D987D0AA}.Release|Any CPU.Build.0 = Release|Any CPU
		{91DADFC0-FE34-4DC9-BF4C-567797D0CDF4}.Debug|Any CPU.ActiveCfg = Debug|Any CPU
		{91DADFC0-FE34-4DC9-BF4C-567797D0CDF4}.Debug|Any CPU.Build.0 = Debug|Any CPU
		{91DADFC0-FE34-4DC9-BF4C-567797D0CDF4}.Release|Any CPU.ActiveCfg = Release|Any CPU
		{91DADFC0-FE34-4DC9-BF4C-567797D0CDF4}.Release|Any CPU.Build.0 = Release|Any CPU
		{A75AEAC8-D2D2-4F9E-9D5C-835E7D7EA98A}.Debug|Any CPU.ActiveCfg = Debug|Any CPU
		{A75AEAC8-D2D2-4F9E-9D5C-835E7D7EA98A}.Debug|Any CPU.Build.0 = Debug|Any CPU
		{A75AEAC8-D2D2-4F9E-9D5C-835E7D7EA98A}.Release|Any CPU.ActiveCfg = Release|Any CPU
		{A75AEAC8-D2D2-4F9E-9D5C-835E7D7EA98A}.Release|Any CPU.Build.0 = Release|Any CPU
		{4522E1BA-3F9E-4763-8A03-C48A4A239B52}.Debug|Any CPU.ActiveCfg = Debug|Any CPU
		{4522E1BA-3F9E-4763-8A03-C48A4A239B52}.Debug|Any CPU.Build.0 = Debug|Any CPU
		{4522E1BA-3F9E-4763-8A03-C48A4A239B52}.Release|Any CPU.ActiveCfg = Release|Any CPU
		{4522E1BA-3F9E-4763-8A03-C48A4A239B52}.Release|Any CPU.Build.0 = Release|Any CPU
		{D0B9E5AB-76B4-41A7-808B-19287F8AC298}.Debug|Any CPU.ActiveCfg = Debug|Any CPU
		{D0B9E5AB-76B4-41A7-808B-19287F8AC298}.Debug|Any CPU.Build.0 = Debug|Any CPU
		{D0B9E5AB-76B4-41A7-808B-19287F8AC298}.Release|Any CPU.ActiveCfg = Release|Any CPU
		{D0B9E5AB-76B4-41A7-808B-19287F8AC298}.Release|Any CPU.Build.0 = Release|Any CPU
		{22E979C5-5972-4BD0-87E8-6B4493F3ECC9}.Debug|Any CPU.ActiveCfg = Debug|Any CPU
		{22E979C5-5972-4BD0-87E8-6B4493F3ECC9}.Debug|Any CPU.Build.0 = Debug|Any CPU
		{22E979C5-5972-4BD0-87E8-6B4493F3ECC9}.Release|Any CPU.ActiveCfg = Release|Any CPU
		{22E979C5-5972-4BD0-87E8-6B4493F3ECC9}.Release|Any CPU.Build.0 = Release|Any CPU
		{56102517-8277-4F32-B8D0-06835E6C97B8}.Debug|Any CPU.ActiveCfg = Debug|Any CPU
		{56102517-8277-4F32-B8D0-06835E6C97B8}.Debug|Any CPU.Build.0 = Debug|Any CPU
		{56102517-8277-4F32-B8D0-06835E6C97B8}.Release|Any CPU.ActiveCfg = Release|Any CPU
		{56102517-8277-4F32-B8D0-06835E6C97B8}.Release|Any CPU.Build.0 = Release|Any CPU
		{41123CE3-2ABD-4D96-A13F-BD48B1A10B4E}.Debug|Any CPU.ActiveCfg = Debug|Any CPU
		{41123CE3-2ABD-4D96-A13F-BD48B1A10B4E}.Debug|Any CPU.Build.0 = Debug|Any CPU
		{41123CE3-2ABD-4D96-A13F-BD48B1A10B4E}.Release|Any CPU.ActiveCfg = Release|Any CPU
		{41123CE3-2ABD-4D96-A13F-BD48B1A10B4E}.Release|Any CPU.Build.0 = Release|Any CPU
		{9E4B9693-67CF-40C7-A70B-1C0660471388}.Debug|Any CPU.ActiveCfg = Debug|Any CPU
		{9E4B9693-67CF-40C7-A70B-1C0660471388}.Debug|Any CPU.Build.0 = Debug|Any CPU
		{9E4B9693-67CF-40C7-A70B-1C0660471388}.Release|Any CPU.ActiveCfg = Release|Any CPU
		{9E4B9693-67CF-40C7-A70B-1C0660471388}.Release|Any CPU.Build.0 = Release|Any CPU
		{C7E614A0-14C1-40BC-BD19-04DCFBCAC43E}.Debug|Any CPU.ActiveCfg = Debug|Any CPU
		{C7E614A0-14C1-40BC-BD19-04DCFBCAC43E}.Debug|Any CPU.Build.0 = Debug|Any CPU
		{C7E614A0-14C1-40BC-BD19-04DCFBCAC43E}.Release|Any CPU.ActiveCfg = Release|Any CPU
		{C7E614A0-14C1-40BC-BD19-04DCFBCAC43E}.Release|Any CPU.Build.0 = Release|Any CPU
		{4115FDDE-6C6A-4842-B555-18123531FB99}.Debug|Any CPU.ActiveCfg = Debug|Any CPU
		{4115FDDE-6C6A-4842-B555-18123531FB99}.Debug|Any CPU.Build.0 = Debug|Any CPU
		{4115FDDE-6C6A-4842-B555-18123531FB99}.Release|Any CPU.ActiveCfg = Release|Any CPU
		{4115FDDE-6C6A-4842-B555-18123531FB99}.Release|Any CPU.Build.0 = Release|Any CPU
		{D9FF74F3-A7B1-4672-956A-FB1E7A05CB17}.Debug|Any CPU.ActiveCfg = Debug|Any CPU
		{D9FF74F3-A7B1-4672-956A-FB1E7A05CB17}.Debug|Any CPU.Build.0 = Debug|Any CPU
		{D9FF74F3-A7B1-4672-956A-FB1E7A05CB17}.Release|Any CPU.ActiveCfg = Release|Any CPU
		{D9FF74F3-A7B1-4672-956A-FB1E7A05CB17}.Release|Any CPU.Build.0 = Release|Any CPU
		{3C28FCDC-9270-4946-87E1-D51E46B08CC4}.Debug|Any CPU.ActiveCfg = Debug|Any CPU
		{3C28FCDC-9270-4946-87E1-D51E46B08CC4}.Debug|Any CPU.Build.0 = Debug|Any CPU
		{3C28FCDC-9270-4946-87E1-D51E46B08CC4}.Release|Any CPU.ActiveCfg = Release|Any CPU
		{3C28FCDC-9270-4946-87E1-D51E46B08CC4}.Release|Any CPU.Build.0 = Release|Any CPU
		{313A9C93-A4E4-490B-829F-75E0D98E4CF8}.Debug|Any CPU.ActiveCfg = Debug|Any CPU
		{313A9C93-A4E4-490B-829F-75E0D98E4CF8}.Debug|Any CPU.Build.0 = Debug|Any CPU
		{313A9C93-A4E4-490B-829F-75E0D98E4CF8}.Release|Any CPU.ActiveCfg = Release|Any CPU
		{313A9C93-A4E4-490B-829F-75E0D98E4CF8}.Release|Any CPU.Build.0 = Release|Any CPU
		{FB7A68DA-0F64-41B9-A955-2662A073E51A}.Debug|Any CPU.ActiveCfg = Debug|Any CPU
		{FB7A68DA-0F64-41B9-A955-2662A073E51A}.Debug|Any CPU.Build.0 = Debug|Any CPU
		{FB7A68DA-0F64-41B9-A955-2662A073E51A}.Release|Any CPU.ActiveCfg = Release|Any CPU
		{FB7A68DA-0F64-41B9-A955-2662A073E51A}.Release|Any CPU.Build.0 = Release|Any CPU
		{3E1C166F-38BF-4C43-B0F2-B0126BEDEA37}.Debug|Any CPU.ActiveCfg = Debug|Any CPU
		{3E1C166F-38BF-4C43-B0F2-B0126BEDEA37}.Debug|Any CPU.Build.0 = Debug|Any CPU
		{3E1C166F-38BF-4C43-B0F2-B0126BEDEA37}.Release|Any CPU.ActiveCfg = Release|Any CPU
		{3E1C166F-38BF-4C43-B0F2-B0126BEDEA37}.Release|Any CPU.Build.0 = Release|Any CPU
		{3EB63488-F6C3-4B38-B8DB-B311AC355C31}.Debug|Any CPU.ActiveCfg = Debug|Any CPU
		{3EB63488-F6C3-4B38-B8DB-B311AC355C31}.Debug|Any CPU.Build.0 = Debug|Any CPU
		{3EB63488-F6C3-4B38-B8DB-B311AC355C31}.Release|Any CPU.ActiveCfg = Release|Any CPU
		{3EB63488-F6C3-4B38-B8DB-B311AC355C31}.Release|Any CPU.Build.0 = Release|Any CPU
	EndGlobalSection
	GlobalSection(SolutionProperties) = preSolution
		HideSolutionNode = FALSE
	EndGlobalSection
	GlobalSection(NestedProjects) = preSolution
		{5CCAA575-830C-4C4A-A038-2E49B2A566C7} = {2021B658-BA43-466D-B793-FF88F3058BC3}
		{503C1CF9-2C3B-491F-9717-F98CD1A14F89} = {5CCAA575-830C-4C4A-A038-2E49B2A566C7}
		{E7D2991F-13B9-454B-99ED-D09936F5F0B1} = {5CCAA575-830C-4C4A-A038-2E49B2A566C7}
		{023CC7CD-F28D-4898-8A4D-A9A3D987D0AA} = {5CCAA575-830C-4C4A-A038-2E49B2A566C7}
		{91DADFC0-FE34-4DC9-BF4C-567797D0CDF4} = {5CCAA575-830C-4C4A-A038-2E49B2A566C7}
		{D6515B23-11E0-46B1-A54E-0CB39EA1E7AD} = {2021B658-BA43-466D-B793-FF88F3058BC3}
		{A75AEAC8-D2D2-4F9E-9D5C-835E7D7EA98A} = {D6515B23-11E0-46B1-A54E-0CB39EA1E7AD}
		{4522E1BA-3F9E-4763-8A03-C48A4A239B52} = {D6515B23-11E0-46B1-A54E-0CB39EA1E7AD}
		{D0B9E5AB-76B4-41A7-808B-19287F8AC298} = {D6515B23-11E0-46B1-A54E-0CB39EA1E7AD}
		{22E979C5-5972-4BD0-87E8-6B4493F3ECC9} = {D6515B23-11E0-46B1-A54E-0CB39EA1E7AD}
		{56102517-8277-4F32-B8D0-06835E6C97B8} = {D6515B23-11E0-46B1-A54E-0CB39EA1E7AD}
		{2552BBE8-D999-4A64-BF01-527306AA1125} = {2021B658-BA43-466D-B793-FF88F3058BC3}
		{41123CE3-2ABD-4D96-A13F-BD48B1A10B4E} = {2552BBE8-D999-4A64-BF01-527306AA1125}
		{9E4B9693-67CF-40C7-A70B-1C0660471388} = {2552BBE8-D999-4A64-BF01-527306AA1125}
		{C7E614A0-14C1-40BC-BD19-04DCFBCAC43E} = {2552BBE8-D999-4A64-BF01-527306AA1125}
		{FDD2FD36-41EF-4650-8CC6-17D48E67E020} = {2021B658-BA43-466D-B793-FF88F3058BC3}
		{4115FDDE-6C6A-4842-B555-18123531FB99} = {FDD2FD36-41EF-4650-8CC6-17D48E67E020}
		{D9FF74F3-A7B1-4672-956A-FB1E7A05CB17} = {FDD2FD36-41EF-4650-8CC6-17D48E67E020}
		{3C28FCDC-9270-4946-87E1-D51E46B08CC4} = {FDD2FD36-41EF-4650-8CC6-17D48E67E020}
		{5A4002AA-3494-4D95-8327-7ABE142C6883} = {2021B658-BA43-466D-B793-FF88F3058BC3}
		{313A9C93-A4E4-490B-829F-75E0D98E4CF8} = {5A4002AA-3494-4D95-8327-7ABE142C6883}
		{FB7A68DA-0F64-41B9-A955-2662A073E51A} = {5A4002AA-3494-4D95-8327-7ABE142C6883}
		{3E1C166F-38BF-4C43-B0F2-B0126BEDEA37} = {5A4002AA-3494-4D95-8327-7ABE142C6883}
		{3EB63488-F6C3-4B38-B8DB-B311AC355C31} = {5A4002AA-3494-4D95-8327-7ABE142C6883}
	EndGlobalSection
	GlobalSection(ExtensibilityGlobals) = postSolution
		SolutionGuid = {25440AAF-BDAA-4E01-9D41-28ACF08FC4D5}
	EndGlobalSection
EndGlobal
